// !$*UTF8*$!
{
	archiveVersion = 1;
	classes = {
	};
	objectVersion = 46;
	objects = {

/* Begin PBXBuildFile section */
		2A7301711DD440A3005B33A8 /* AssetTransitionController.swift in Sources */ = {isa = PBXBuildFile; fileRef = 2A73016F1DD440A3005B33A8 /* AssetTransitionController.swift */; };
		2A7301721DD440A3005B33A8 /* AssetTransitionDriver.swift in Sources */ = {isa = PBXBuildFile; fileRef = 2A7301701DD440A3005B33A8 /* AssetTransitionDriver.swift */; };
		2A7301741DD440BB005B33A8 /* DetialViewController.swift in Sources */ = {isa = PBXBuildFile; fileRef = 2A7301731DD440BB005B33A8 /* DetialViewController.swift */; };
		2A7301761DD4425F005B33A8 /* AvatarImage.swift in Sources */ = {isa = PBXBuildFile; fileRef = 2A7301751DD4425F005B33A8 /* AvatarImage.swift */; };
		5AA31B011D61E62D0080BD56 /* AppDelegate.swift in Sources */ = {isa = PBXBuildFile; fileRef = 5AA31B001D61E62D0080BD56 /* AppDelegate.swift */; };
		5AA31B031D61E62D0080BD56 /* ViewController.swift in Sources */ = {isa = PBXBuildFile; fileRef = 5AA31B021D61E62D0080BD56 /* ViewController.swift */; };
		5AA31B061D61E62D0080BD56 /* Main.storyboard in Resources */ = {isa = PBXBuildFile; fileRef = 5AA31B041D61E62D0080BD56 /* Main.storyboard */; };
		5AA31B081D61E62D0080BD56 /* Assets.xcassets in Resources */ = {isa = PBXBuildFile; fileRef = 5AA31B071D61E62D0080BD56 /* Assets.xcassets */; };
		5AA31B0B1D61E62D0080BD56 /* LaunchScreen.storyboard in Resources */ = {isa = PBXBuildFile; fileRef = 5AA31B091D61E62D0080BD56 /* LaunchScreen.storyboard */; };
		5AA31B161D61E62D0080BD56 /* FTCollectionViewDemoTests.swift in Sources */ = {isa = PBXBuildFile; fileRef = 5AA31B151D61E62D0080BD56 /* FTCollectionViewDemoTests.swift */; };
		5AA31B211D61E62D0080BD56 /* FTCollectionViewDemoUITests.swift in Sources */ = {isa = PBXBuildFile; fileRef = 5AA31B201D61E62D0080BD56 /* FTCollectionViewDemoUITests.swift */; };
		5AA31B2F1D61E7EB0080BD56 /* DemoCollectionCell.swift in Sources */ = {isa = PBXBuildFile; fileRef = 5AA31B2E1D61E7EB0080BD56 /* DemoCollectionCell.swift */; };
/* End PBXBuildFile section */

/* Begin PBXContainerItemProxy section */
		5AA31B121D61E62D0080BD56 /* PBXContainerItemProxy */ = {
			isa = PBXContainerItemProxy;
			containerPortal = 5AA31AF51D61E62D0080BD56 /* Project object */;
			proxyType = 1;
			remoteGlobalIDString = 5AA31AFC1D61E62D0080BD56;
			remoteInfo = FTCollectionViewDemo;
		};
		5AA31B1D1D61E62D0080BD56 /* PBXContainerItemProxy */ = {
			isa = PBXContainerItemProxy;
			containerPortal = 5AA31AF51D61E62D0080BD56 /* Project object */;
			proxyType = 1;
			remoteGlobalIDString = 5AA31AFC1D61E62D0080BD56;
			remoteInfo = FTCollectionViewDemo;
		};
/* End PBXContainerItemProxy section */

/* Begin PBXFileReference section */
		2A73016F1DD440A3005B33A8 /* AssetTransitionController.swift */ = {isa = PBXFileReference; fileEncoding = 4; lastKnownFileType = sourcecode.swift; path = AssetTransitionController.swift; sourceTree = "<group>"; };
		2A7301701DD440A3005B33A8 /* AssetTransitionDriver.swift */ = {isa = PBXFileReference; fileEncoding = 4; lastKnownFileType = sourcecode.swift; path = AssetTransitionDriver.swift; sourceTree = "<group>"; };
		2A7301731DD440BB005B33A8 /* DetialViewController.swift */ = {isa = PBXFileReference; fileEncoding = 4; lastKnownFileType = sourcecode.swift; path = DetialViewController.swift; sourceTree = "<group>"; };
		2A7301751DD4425F005B33A8 /* AvatarImage.swift */ = {isa = PBXFileReference; fileEncoding = 4; lastKnownFileType = sourcecode.swift; path = AvatarImage.swift; sourceTree = "<group>"; };
		5AA31AFD1D61E62D0080BD56 /* FTCollectionViewDemo.app */ = {isa = PBXFileReference; explicitFileType = wrapper.application; includeInIndex = 0; path = FTCollectionViewDemo.app; sourceTree = BUILT_PRODUCTS_DIR; };
		5AA31B001D61E62D0080BD56 /* AppDelegate.swift */ = {isa = PBXFileReference; lastKnownFileType = sourcecode.swift; path = AppDelegate.swift; sourceTree = "<group>"; };
		5AA31B021D61E62D0080BD56 /* ViewController.swift */ = {isa = PBXFileReference; lastKnownFileType = sourcecode.swift; path = ViewController.swift; sourceTree = "<group>"; };
		5AA31B051D61E62D0080BD56 /* Base */ = {isa = PBXFileReference; lastKnownFileType = file.storyboard; name = Base; path = Base.lproj/Main.storyboard; sourceTree = "<group>"; };
		5AA31B071D61E62D0080BD56 /* Assets.xcassets */ = {isa = PBXFileReference; lastKnownFileType = folder.assetcatalog; path = Assets.xcassets; sourceTree = "<group>"; };
		5AA31B0A1D61E62D0080BD56 /* Base */ = {isa = PBXFileReference; lastKnownFileType = file.storyboard; name = Base; path = Base.lproj/LaunchScreen.storyboard; sourceTree = "<group>"; };
		5AA31B0C1D61E62D0080BD56 /* Info.plist */ = {isa = PBXFileReference; lastKnownFileType = text.plist.xml; path = Info.plist; sourceTree = "<group>"; };
		5AA31B111D61E62D0080BD56 /* FTCollectionViewDemoTests.xctest */ = {isa = PBXFileReference; explicitFileType = wrapper.cfbundle; includeInIndex = 0; path = FTCollectionViewDemoTests.xctest; sourceTree = BUILT_PRODUCTS_DIR; };
		5AA31B151D61E62D0080BD56 /* FTCollectionViewDemoTests.swift */ = {isa = PBXFileReference; lastKnownFileType = sourcecode.swift; path = FTCollectionViewDemoTests.swift; sourceTree = "<group>"; };
		5AA31B171D61E62D0080BD56 /* Info.plist */ = {isa = PBXFileReference; lastKnownFileType = text.plist.xml; path = Info.plist; sourceTree = "<group>"; };
		5AA31B1C1D61E62D0080BD56 /* FTCollectionViewDemoUITests.xctest */ = {isa = PBXFileReference; explicitFileType = wrapper.cfbundle; includeInIndex = 0; path = FTCollectionViewDemoUITests.xctest; sourceTree = BUILT_PRODUCTS_DIR; };
		5AA31B201D61E62D0080BD56 /* FTCollectionViewDemoUITests.swift */ = {isa = PBXFileReference; lastKnownFileType = sourcecode.swift; path = FTCollectionViewDemoUITests.swift; sourceTree = "<group>"; };
		5AA31B221D61E62D0080BD56 /* Info.plist */ = {isa = PBXFileReference; lastKnownFileType = text.plist.xml; path = Info.plist; sourceTree = "<group>"; };
		5AA31B2E1D61E7EB0080BD56 /* DemoCollectionCell.swift */ = {isa = PBXFileReference; fileEncoding = 4; lastKnownFileType = sourcecode.swift; path = DemoCollectionCell.swift; sourceTree = "<group>"; };
/* End PBXFileReference section */

/* Begin PBXFrameworksBuildPhase section */
		5AA31AFA1D61E62D0080BD56 /* Frameworks */ = {
			isa = PBXFrameworksBuildPhase;
			buildActionMask = 2147483647;
			files = (
			);
			runOnlyForDeploymentPostprocessing = 0;
		};
		5AA31B0E1D61E62D0080BD56 /* Frameworks */ = {
			isa = PBXFrameworksBuildPhase;
			buildActionMask = 2147483647;
			files = (
			);
			runOnlyForDeploymentPostprocessing = 0;
		};
		5AA31B191D61E62D0080BD56 /* Frameworks */ = {
			isa = PBXFrameworksBuildPhase;
			buildActionMask = 2147483647;
			files = (
			);
			runOnlyForDeploymentPostprocessing = 0;
		};
/* End PBXFrameworksBuildPhase section */

/* Begin PBXGroup section */
		2A73016D1DD44079005B33A8 /* View */ = {
			isa = PBXGroup;
			children = (
				5AA31B2E1D61E7EB0080BD56 /* DemoCollectionCell.swift */,
			);
			name = View;
			sourceTree = "<group>";
		};
		2A73016E1DD4408A005B33A8 /* Source */ = {
			isa = PBXGroup;
			children = (
				2A7301751DD4425F005B33A8 /* AvatarImage.swift */,
				2A73016F1DD440A3005B33A8 /* AssetTransitionController.swift */,
				2A7301701DD440A3005B33A8 /* AssetTransitionDriver.swift */,
			);
			name = Source;
			sourceTree = "<group>";
		};
		5AA31AF41D61E62D0080BD56 = {
			isa = PBXGroup;
			children = (
				5AA31AFF1D61E62D0080BD56 /* FTCollectionViewDemo */,
				5AA31B141D61E62D0080BD56 /* FTCollectionViewDemoTests */,
				5AA31B1F1D61E62D0080BD56 /* FTCollectionViewDemoUITests */,
				5AA31AFE1D61E62D0080BD56 /* Products */,
			);
			sourceTree = "<group>";
		};
		5AA31AFE1D61E62D0080BD56 /* Products */ = {
			isa = PBXGroup;
			children = (
				5AA31AFD1D61E62D0080BD56 /* FTCollectionViewDemo.app */,
				5AA31B111D61E62D0080BD56 /* FTCollectionViewDemoTests.xctest */,
				5AA31B1C1D61E62D0080BD56 /* FTCollectionViewDemoUITests.xctest */,
			);
			name = Products;
			sourceTree = "<group>";
		};
		5AA31AFF1D61E62D0080BD56 /* FTCollectionViewDemo */ = {
			isa = PBXGroup;
			children = (
				5AA31B001D61E62D0080BD56 /* AppDelegate.swift */,
				5AA31B021D61E62D0080BD56 /* ViewController.swift */,
				2A7301731DD440BB005B33A8 /* DetialViewController.swift */,
				2A73016E1DD4408A005B33A8 /* Source */,
				2A73016D1DD44079005B33A8 /* View */,
				5AA31B041D61E62D0080BD56 /* Main.storyboard */,
				5AA31B071D61E62D0080BD56 /* Assets.xcassets */,
				5AA31B091D61E62D0080BD56 /* LaunchScreen.storyboard */,
				5AA31B0C1D61E62D0080BD56 /* Info.plist */,
			);
			path = FTCollectionViewDemo;
			sourceTree = "<group>";
		};
		5AA31B141D61E62D0080BD56 /* FTCollectionViewDemoTests */ = {
			isa = PBXGroup;
			children = (
				5AA31B151D61E62D0080BD56 /* FTCollectionViewDemoTests.swift */,
				5AA31B171D61E62D0080BD56 /* Info.plist */,
			);
			path = FTCollectionViewDemoTests;
			sourceTree = "<group>";
		};
		5AA31B1F1D61E62D0080BD56 /* FTCollectionViewDemoUITests */ = {
			isa = PBXGroup;
			children = (
				5AA31B201D61E62D0080BD56 /* FTCollectionViewDemoUITests.swift */,
				5AA31B221D61E62D0080BD56 /* Info.plist */,
			);
			path = FTCollectionViewDemoUITests;
			sourceTree = "<group>";
		};
/* End PBXGroup section */

/* Begin PBXNativeTarget section */
		5AA31AFC1D61E62D0080BD56 /* FTCollectionViewDemo */ = {
			isa = PBXNativeTarget;
			buildConfigurationList = 5AA31B251D61E62D0080BD56 /* Build configuration list for PBXNativeTarget "FTCollectionViewDemo" */;
			buildPhases = (
				5AA31AF91D61E62D0080BD56 /* Sources */,
				5AA31AFA1D61E62D0080BD56 /* Frameworks */,
				5AA31AFB1D61E62D0080BD56 /* Resources */,
			);
			buildRules = (
			);
			dependencies = (
			);
			name = FTCollectionViewDemo;
			productName = FTCollectionViewDemo;
			productReference = 5AA31AFD1D61E62D0080BD56 /* FTCollectionViewDemo.app */;
			productType = "com.apple.product-type.application";
		};
		5AA31B101D61E62D0080BD56 /* FTCollectionViewDemoTests */ = {
			isa = PBXNativeTarget;
			buildConfigurationList = 5AA31B281D61E62D0080BD56 /* Build configuration list for PBXNativeTarget "FTCollectionViewDemoTests" */;
			buildPhases = (
				5AA31B0D1D61E62D0080BD56 /* Sources */,
				5AA31B0E1D61E62D0080BD56 /* Frameworks */,
				5AA31B0F1D61E62D0080BD56 /* Resources */,
			);
			buildRules = (
			);
			dependencies = (
				5AA31B131D61E62D0080BD56 /* PBXTargetDependency */,
			);
			name = FTCollectionViewDemoTests;
			productName = FTCollectionViewDemoTests;
			productReference = 5AA31B111D61E62D0080BD56 /* FTCollectionViewDemoTests.xctest */;
			productType = "com.apple.product-type.bundle.unit-test";
		};
		5AA31B1B1D61E62D0080BD56 /* FTCollectionViewDemoUITests */ = {
			isa = PBXNativeTarget;
			buildConfigurationList = 5AA31B2B1D61E62D0080BD56 /* Build configuration list for PBXNativeTarget "FTCollectionViewDemoUITests" */;
			buildPhases = (
				5AA31B181D61E62D0080BD56 /* Sources */,
				5AA31B191D61E62D0080BD56 /* Frameworks */,
				5AA31B1A1D61E62D0080BD56 /* Resources */,
			);
			buildRules = (
			);
			dependencies = (
				5AA31B1E1D61E62D0080BD56 /* PBXTargetDependency */,
			);
			name = FTCollectionViewDemoUITests;
			productName = FTCollectionViewDemoUITests;
			productReference = 5AA31B1C1D61E62D0080BD56 /* FTCollectionViewDemoUITests.xctest */;
			productType = "com.apple.product-type.bundle.ui-testing";
		};
/* End PBXNativeTarget section */

/* Begin PBXProject section */
		5AA31AF51D61E62D0080BD56 /* Project object */ = {
			isa = PBXProject;
			attributes = {
				LastSwiftUpdateCheck = 0730;
				LastUpgradeCheck = 0730;
				ORGANIZATIONNAME = liufengting;
				TargetAttributes = {
					5AA31AFC1D61E62D0080BD56 = {
						CreatedOnToolsVersion = 7.3.1;
						LastSwiftMigration = 0810;
					};
					5AA31B101D61E62D0080BD56 = {
						CreatedOnToolsVersion = 7.3.1;
						LastSwiftMigration = 0810;
						TestTargetID = 5AA31AFC1D61E62D0080BD56;
					};
					5AA31B1B1D61E62D0080BD56 = {
						CreatedOnToolsVersion = 7.3.1;
						LastSwiftMigration = 0810;
						TestTargetID = 5AA31AFC1D61E62D0080BD56;
					};
				};
			};
			buildConfigurationList = 5AA31AF81D61E62D0080BD56 /* Build configuration list for PBXProject "FTCollectionViewDemo" */;
			compatibilityVersion = "Xcode 3.2";
			developmentRegion = English;
			hasScannedForEncodings = 0;
			knownRegions = (
				en,
				Base,
			);
			mainGroup = 5AA31AF41D61E62D0080BD56;
			productRefGroup = 5AA31AFE1D61E62D0080BD56 /* Products */;
			projectDirPath = "";
			projectRoot = "";
			targets = (
				5AA31AFC1D61E62D0080BD56 /* FTCollectionViewDemo */,
				5AA31B101D61E62D0080BD56 /* FTCollectionViewDemoTests */,
				5AA31B1B1D61E62D0080BD56 /* FTCollectionViewDemoUITests */,
			);
		};
/* End PBXProject section */

/* Begin PBXResourcesBuildPhase section */
		5AA31AFB1D61E62D0080BD56 /* Resources */ = {
			isa = PBXResourcesBuildPhase;
			buildActionMask = 2147483647;
			files = (
				5AA31B0B1D61E62D0080BD56 /* LaunchScreen.storyboard in Resources */,
				5AA31B081D61E62D0080BD56 /* Assets.xcassets in Resources */,
				5AA31B061D61E62D0080BD56 /* Main.storyboard in Resources */,
			);
			runOnlyForDeploymentPostprocessing = 0;
		};
		5AA31B0F1D61E62D0080BD56 /* Resources */ = {
			isa = PBXResourcesBuildPhase;
			buildActionMask = 2147483647;
			files = (
			);
			runOnlyForDeploymentPostprocessing = 0;
		};
		5AA31B1A1D61E62D0080BD56 /* Resources */ = {
			isa = PBXResourcesBuildPhase;
			buildActionMask = 2147483647;
			files = (
			);
			runOnlyForDeploymentPostprocessing = 0;
		};
/* End PBXResourcesBuildPhase section */

/* Begin PBXSourcesBuildPhase section */
		5AA31AF91D61E62D0080BD56 /* Sources */ = {
			isa = PBXSourcesBuildPhase;
			buildActionMask = 2147483647;
			files = (
				5AA31B031D61E62D0080BD56 /* ViewController.swift in Sources */,
				2A7301761DD4425F005B33A8 /* AvatarImage.swift in Sources */,
				2A7301741DD440BB005B33A8 /* DetialViewController.swift in Sources */,
				5AA31B011D61E62D0080BD56 /* AppDelegate.swift in Sources */,
				2A7301711DD440A3005B33A8 /* AssetTransitionController.swift in Sources */,
				5AA31B2F1D61E7EB0080BD56 /* DemoCollectionCell.swift in Sources */,
				2A7301721DD440A3005B33A8 /* AssetTransitionDriver.swift in Sources */,
			);
			runOnlyForDeploymentPostprocessing = 0;
		};
		5AA31B0D1D61E62D0080BD56 /* Sources */ = {
			isa = PBXSourcesBuildPhase;
			buildActionMask = 2147483647;
			files = (
				5AA31B161D61E62D0080BD56 /* FTCollectionViewDemoTests.swift in Sources */,
			);
			runOnlyForDeploymentPostprocessing = 0;
		};
		5AA31B181D61E62D0080BD56 /* Sources */ = {
			isa = PBXSourcesBuildPhase;
			buildActionMask = 2147483647;
			files = (
				5AA31B211D61E62D0080BD56 /* FTCollectionViewDemoUITests.swift in Sources */,
			);
			runOnlyForDeploymentPostprocessing = 0;
		};
/* End PBXSourcesBuildPhase section */

/* Begin PBXTargetDependency section */
		5AA31B131D61E62D0080BD56 /* PBXTargetDependency */ = {
			isa = PBXTargetDependency;
			target = 5AA31AFC1D61E62D0080BD56 /* FTCollectionViewDemo */;
			targetProxy = 5AA31B121D61E62D0080BD56 /* PBXContainerItemProxy */;
		};
		5AA31B1E1D61E62D0080BD56 /* PBXTargetDependency */ = {
			isa = PBXTargetDependency;
			target = 5AA31AFC1D61E62D0080BD56 /* FTCollectionViewDemo */;
			targetProxy = 5AA31B1D1D61E62D0080BD56 /* PBXContainerItemProxy */;
		};
/* End PBXTargetDependency section */

/* Begin PBXVariantGroup section */
		5AA31B041D61E62D0080BD56 /* Main.storyboard */ = {
			isa = PBXVariantGroup;
			children = (
				5AA31B051D61E62D0080BD56 /* Base */,
			);
			name = Main.storyboard;
			sourceTree = "<group>";
		};
		5AA31B091D61E62D0080BD56 /* LaunchScreen.storyboard */ = {
			isa = PBXVariantGroup;
			children = (
				5AA31B0A1D61E62D0080BD56 /* Base */,
			);
			name = LaunchScreen.storyboard;
			sourceTree = "<group>";
		};
/* End PBXVariantGroup section */

/* Begin XCBuildConfiguration section */
		5AA31B231D61E62D0080BD56 /* Debug */ = {
			isa = XCBuildConfiguration;
			buildSettings = {
				ALWAYS_SEARCH_USER_PATHS = NO;
				CLANG_ANALYZER_NONNULL = YES;
				CLANG_CXX_LANGUAGE_STANDARD = "gnu++0x";
				CLANG_CXX_LIBRARY = "libc++";
				CLANG_ENABLE_MODULES = YES;
				CLANG_ENABLE_OBJC_ARC = YES;
				CLANG_WARN_BOOL_CONVERSION = YES;
				CLANG_WARN_CONSTANT_CONVERSION = YES;
				CLANG_WARN_DIRECT_OBJC_ISA_USAGE = YES_ERROR;
				CLANG_WARN_EMPTY_BODY = YES;
				CLANG_WARN_ENUM_CONVERSION = YES;
				CLANG_WARN_INT_CONVERSION = YES;
				CLANG_WARN_OBJC_ROOT_CLASS = YES_ERROR;
				CLANG_WARN_UNREACHABLE_CODE = YES;
				CLANG_WARN__DUPLICATE_METHOD_MATCH = YES;
				"CODE_SIGN_IDENTITY[sdk=iphoneos*]" = "iPhone Developer";
				COPY_PHASE_STRIP = NO;
				DEBUG_INFORMATION_FORMAT = dwarf;
				ENABLE_STRICT_OBJC_MSGSEND = YES;
				ENABLE_TESTABILITY = YES;
				GCC_C_LANGUAGE_STANDARD = gnu99;
				GCC_DYNAMIC_NO_PIC = NO;
				GCC_NO_COMMON_BLOCKS = YES;
				GCC_OPTIMIZATION_LEVEL = 0;
				GCC_PREPROCESSOR_DEFINITIONS = (
					"DEBUG=1",
					"$(inherited)",
				);
				GCC_WARN_64_TO_32_BIT_CONVERSION = YES;
				GCC_WARN_ABOUT_RETURN_TYPE = YES_ERROR;
				GCC_WARN_UNDECLARED_SELECTOR = YES;
				GCC_WARN_UNINITIALIZED_AUTOS = YES_AGGRESSIVE;
				GCC_WARN_UNUSED_FUNCTION = YES;
				GCC_WARN_UNUSED_VARIABLE = YES;
				IPHONEOS_DEPLOYMENT_TARGET = 9.3;
				MTL_ENABLE_DEBUG_INFO = YES;
				ONLY_ACTIVE_ARCH = YES;
				SDKROOT = iphoneos;
				SWIFT_OPTIMIZATION_LEVEL = "-Onone";
			};
			name = Debug;
		};
		5AA31B241D61E62D0080BD56 /* Release */ = {
			isa = XCBuildConfiguration;
			buildSettings = {
				ALWAYS_SEARCH_USER_PATHS = NO;
				CLANG_ANALYZER_NONNULL = YES;
				CLANG_CXX_LANGUAGE_STANDARD = "gnu++0x";
				CLANG_CXX_LIBRARY = "libc++";
				CLANG_ENABLE_MODULES = YES;
				CLANG_ENABLE_OBJC_ARC = YES;
				CLANG_WARN_BOOL_CONVERSION = YES;
				CLANG_WARN_CONSTANT_CONVERSION = YES;
				CLANG_WARN_DIRECT_OBJC_ISA_USAGE = YES_ERROR;
				CLANG_WARN_EMPTY_BODY = YES;
				CLANG_WARN_ENUM_CONVERSION = YES;
				CLANG_WARN_INT_CONVERSION = YES;
				CLANG_WARN_OBJC_ROOT_CLASS = YES_ERROR;
				CLANG_WARN_UNREACHABLE_CODE = YES;
				CLANG_WARN__DUPLICATE_METHOD_MATCH = YES;
				"CODE_SIGN_IDENTITY[sdk=iphoneos*]" = "iPhone Developer";
				COPY_PHASE_STRIP = NO;
				DEBUG_INFORMATION_FORMAT = "dwarf-with-dsym";
				ENABLE_NS_ASSERTIONS = NO;
				ENABLE_STRICT_OBJC_MSGSEND = YES;
				GCC_C_LANGUAGE_STANDARD = gnu99;
				GCC_NO_COMMON_BLOCKS = YES;
				GCC_WARN_64_TO_32_BIT_CONVERSION = YES;
				GCC_WARN_ABOUT_RETURN_TYPE = YES_ERROR;
				GCC_WARN_UNDECLARED_SELECTOR = YES;
				GCC_WARN_UNINITIALIZED_AUTOS = YES_AGGRESSIVE;
				GCC_WARN_UNUSED_FUNCTION = YES;
				GCC_WARN_UNUSED_VARIABLE = YES;
				IPHONEOS_DEPLOYMENT_TARGET = 9.3;
				MTL_ENABLE_DEBUG_INFO = NO;
				SDKROOT = iphoneos;
				VALIDATE_PRODUCT = YES;
			};
			name = Release;
		};
		5AA31B261D61E62D0080BD56 /* Debug */ = {
			isa = XCBuildConfiguration;
			buildSettings = {
				ASSETCATALOG_COMPILER_APPICON_NAME = AppIcon;
				INFOPLIST_FILE = FTCollectionViewDemo/Info.plist;
				IPHONEOS_DEPLOYMENT_TARGET = 10.0;
				LD_RUNPATH_SEARCH_PATHS = "$(inherited) @executable_path/Frameworks";
				PRODUCT_BUNDLE_IDENTIFIER = com.liufengting.FTCollectionViewDemo;
				PRODUCT_NAME = "$(TARGET_NAME)";
				SWIFT_VERSION = 3.0;
			};
			name = Debug;
		};
		5AA31B271D61E62D0080BD56 /* Release */ = {
			isa = XCBuildConfiguration;
			buildSettings = {
				ASSETCATALOG_COMPILER_APPICON_NAME = AppIcon;
				INFOPLIST_FILE = FTCollectionViewDemo/Info.plist;
				IPHONEOS_DEPLOYMENT_TARGET = 10.0;
				LD_RUNPATH_SEARCH_PATHS = "$(inherited) @executable_path/Frameworks";
				PRODUCT_BUNDLE_IDENTIFIER = com.liufengting.FTCollectionViewDemo;
				PRODUCT_NAME = "$(TARGET_NAME)";
				SWIFT_VERSION = 3.0;
			};
			name = Release;
		};
		5AA31B291D61E62D0080BD56 /* Debug */ = {
			isa = XCBuildConfiguration;
			buildSettings = {
				BUNDLE_LOADER = "$(TEST_HOST)";
				INFOPLIST_FILE = FTCollectionViewDemoTests/Info.plist;
				LD_RUNPATH_SEARCH_PATHS = "$(inherited) @executable_path/Frameworks @loader_path/Frameworks";
				PRODUCT_BUNDLE_IDENTIFIER = com.liufengting.FTCollectionViewDemoTests;
				PRODUCT_NAME = "$(TARGET_NAME)";
				SWIFT_VERSION = 3.0;
				TEST_HOST = "$(BUILT_PRODUCTS_DIR)/FTCollectionViewDemo.app/FTCollectionViewDemo";
			};
			name = Debug;
		};
		5AA31B2A1D61E62D0080BD56 /* Release */ = {
			isa = XCBuildConfiguration;
			buildSettings = {
				BUNDLE_LOADER = "$(TEST_HOST)";
				INFOPLIST_FILE = FTCollectionViewDemoTests/Info.plist;
				LD_RUNPATH_SEARCH_PATHS = "$(inherited) @executable_path/Frameworks @loader_path/Frameworks";
				PRODUCT_BUNDLE_IDENTIFIER = com.liufengting.FTCollectionViewDemoTests;
				PRODUCT_NAME = "$(TARGET_NAME)";
				SWIFT_VERSION = 3.0;
				TEST_HOST = "$(BUILT_PRODUCTS_DIR)/FTCollectionViewDemo.app/FTCollectionViewDemo";
			};
			name = Release;
		};
		5AA31B2C1D61E62D0080BD56 /* Debug */ = {
			isa = XCBuildConfiguration;
			buildSettings = {
				INFOPLIST_FILE = FTCollectionViewDemoUITests/Info.plist;
				LD_RUNPATH_SEARCH_PATHS = "$(inherited) @executable_path/Frameworks @loader_path/Frameworks";
				PRODUCT_BUNDLE_IDENTIFIER = com.liufengting.FTCollectionViewDemoUITests;
				PRODUCT_NAME = "$(TARGET_NAME)";
				SWIFT_VERSION = 3.0;
				TEST_TARGET_NAME = FTCollectionViewDemo;
			};
			name = Debug;
		};
		5AA31B2D1D61E62D0080BD56 /* Release */ = {
			isa = XCBuildConfiguration;
			buildSettings = {
				INFOPLIST_FILE = FTCollectionViewDemoUITests/Info.plist;
				LD_RUNPATH_SEARCH_PATHS = "$(inherited) @executable_path/Frameworks @loader_path/Frameworks";
				PRODUCT_BUNDLE_IDENTIFIER = com.liufengting.FTCollectionViewDemoUITests;
				PRODUCT_NAME = "$(TARGET_NAME)";
				SWIFT_VERSION = 3.0;
				TEST_TARGET_NAME = FTCollectionViewDemo;
			};
			name = Release;
		};
/* End XCBuildConfiguration section */

/* Begin XCConfigurationList section */
		5AA31AF81D61E62D0080BD56 /* Build configuration list for PBXProject "FTCollectionViewDemo" */ = {
			isa = XCConfigurationList;
			buildConfigurations = (
				5AA31B231D61E62D0080BD56 /* Debug */,
				5AA31B241D61E62D0080BD56 /* Release */,
			);
			defaultConfigurationIsVisible = 0;
			defaultConfigurationName = Release;
		};
		5AA31B251D61E62D0080BD56 /* Build configuration list for PBXNativeTarget "FTCollectionViewDemo" */ = {
			isa = XCConfigurationList;
			buildConfigurations = (
				5AA31B261D61E62D0080BD56 /* Debug */,
				5AA31B271D61E62D0080BD56 /* Release */,
			);
			defaultConfigurationIsVisible = 0;
			defaultConfigurationName = Release;
		};
		5AA31B281D61E62D0080BD56 /* Build configuration list for PBXNativeTarget "FTCollectionViewDemoTests" */ = {
			isa = XCConfigurationList;
			buildConfigurations = (
				5AA31B291D61E62D0080BD56 /* Debug */,
				5AA31B2A1D61E62D0080BD56 /* Release */,
			);
			defaultConfigurationIsVisible = 0;
			defaultConfigurationName = Release;
		};
		5AA31B2B1D61E62D0080BD56 /* Build configuration list for PBXNativeTarget "FTCollectionViewDemoUITests" */ = {
			isa = XCConfigurationList;
			buildConfigurations = (
				5AA31B2C1D61E62D0080BD56 /* Debug */,
				5AA31B2D1D61E62D0080BD56 /* Release */,
			);
			defaultConfigurationIsVisible = 0;
			defaultConfigurationName = Release;
		};
/* End XCConfigurationList section */
	};
	rootObject = 5AA31AF51D61E62D0080BD56 /* Project object */;
}
