// !$*UTF8*$!
{
	archiveVersion = 1;
	classes = {
	};
	objectVersion = 46;
	objects = {

/* Begin PBXBuildFile section */
		5A0F257B1D64467800A33222 /* FTPopoverViewController.swift in Sources */ = {isa = PBXBuildFile; fileRef = 5A0F257A1D64467800A33222 /* FTPopoverViewController.swift */; };
		5A23CEBC1D6212F700971A0C /* AppDelegate.swift in Sources */ = {isa = PBXBuildFile; fileRef = 5A23CEBB1D6212F700971A0C /* AppDelegate.swift */; };
		5A23CEBE1D6212F700971A0C /* ViewController.swift in Sources */ = {isa = PBXBuildFile; fileRef = 5A23CEBD1D6212F700971A0C /* ViewController.swift */; };
		5A23CEC11D6212F800971A0C /* Main.storyboard in Resources */ = {isa = PBXBuildFile; fileRef = 5A23CEBF1D6212F800971A0C /* Main.storyboard */; };
		5A23CEC31D6212F800971A0C /* Assets.xcassets in Resources */ = {isa = PBXBuildFile; fileRef = 5A23CEC21D6212F800971A0C /* Assets.xcassets */; };
		5A23CEC61D6212F800971A0C /* LaunchScreen.storyboard in Resources */ = {isa = PBXBuildFile; fileRef = 5A23CEC41D6212F800971A0C /* LaunchScreen.storyboard */; };
		5A23CED11D6212F800971A0C /* FTIBInspectableTests.swift in Sources */ = {isa = PBXBuildFile; fileRef = 5A23CED01D6212F800971A0C /* FTIBInspectableTests.swift */; };
		5A23CEDC1D6212F800971A0C /* FTIBInspectableUITests.swift in Sources */ = {isa = PBXBuildFile; fileRef = 5A23CEDB1D6212F800971A0C /* FTIBInspectableUITests.swift */; };
		5A23CEEA1D62131F00971A0C /* FTView.swift in Sources */ = {isa = PBXBuildFile; fileRef = 5A23CEE91D62131F00971A0C /* FTView.swift */; };
/* End PBXBuildFile section */

/* Begin PBXContainerItemProxy section */
		5A23CECD1D6212F800971A0C /* PBXContainerItemProxy */ = {
			isa = PBXContainerItemProxy;
			containerPortal = 5A23CEB01D6212F700971A0C /* Project object */;
			proxyType = 1;
			remoteGlobalIDString = 5A23CEB71D6212F700971A0C;
			remoteInfo = FTIBInspectable;
		};
		5A23CED81D6212F800971A0C /* PBXContainerItemProxy */ = {
			isa = PBXContainerItemProxy;
			containerPortal = 5A23CEB01D6212F700971A0C /* Project object */;
			proxyType = 1;
			remoteGlobalIDString = 5A23CEB71D6212F700971A0C;
			remoteInfo = FTIBInspectable;
		};
/* End PBXContainerItemProxy section */

/* Begin PBXFileReference section */
		5A0F257A1D64467800A33222 /* FTPopoverViewController.swift */ = {isa = PBXFileReference; fileEncoding = 4; lastKnownFileType = sourcecode.swift; path = FTPopoverViewController.swift; sourceTree = "<group>"; };
		5A23CEB81D6212F700971A0C /* FTIBInspectable.app */ = {isa = PBXFileReference; explicitFileType = wrapper.application; includeInIndex = 0; path = FTIBInspectable.app; sourceTree = BUILT_PRODUCTS_DIR; };
		5A23CEBB1D6212F700971A0C /* AppDelegate.swift */ = {isa = PBXFileReference; lastKnownFileType = sourcecode.swift; path = AppDelegate.swift; sourceTree = "<group>"; };
		5A23CEBD1D6212F700971A0C /* ViewController.swift */ = {isa = PBXFileReference; lastKnownFileType = sourcecode.swift; path = ViewController.swift; sourceTree = "<group>"; };
		5A23CEC01D6212F800971A0C /* Base */ = {isa = PBXFileReference; lastKnownFileType = file.storyboard; name = Base; path = Base.lproj/Main.storyboard; sourceTree = "<group>"; };
		5A23CEC21D6212F800971A0C /* Assets.xcassets */ = {isa = PBXFileReference; lastKnownFileType = folder.assetcatalog; path = Assets.xcassets; sourceTree = "<group>"; };
		5A23CEC51D6212F800971A0C /* Base */ = {isa = PBXFileReference; lastKnownFileType = file.storyboard; name = Base; path = Base.lproj/LaunchScreen.storyboard; sourceTree = "<group>"; };
		5A23CEC71D6212F800971A0C /* Info.plist */ = {isa = PBXFileReference; lastKnownFileType = text.plist.xml; path = Info.plist; sourceTree = "<group>"; };
		5A23CECC1D6212F800971A0C /* FTIBInspectableTests.xctest */ = {isa = PBXFileReference; explicitFileType = wrapper.cfbundle; includeInIndex = 0; path = FTIBInspectableTests.xctest; sourceTree = BUILT_PRODUCTS_DIR; };
		5A23CED01D6212F800971A0C /* FTIBInspectableTests.swift */ = {isa = PBXFileReference; lastKnownFileType = sourcecode.swift; path = FTIBInspectableTests.swift; sourceTree = "<group>"; };
		5A23CED21D6212F800971A0C /* Info.plist */ = {isa = PBXFileReference; lastKnownFileType = text.plist.xml; path = Info.plist; sourceTree = "<group>"; };
		5A23CED71D6212F800971A0C /* FTIBInspectableUITests.xctest */ = {isa = PBXFileReference; explicitFileType = wrapper.cfbundle; includeInIndex = 0; path = FTIBInspectableUITests.xctest; sourceTree = BUILT_PRODUCTS_DIR; };
		5A23CEDB1D6212F800971A0C /* FTIBInspectableUITests.swift */ = {isa = PBXFileReference; lastKnownFileType = sourcecode.swift; path = FTIBInspectableUITests.swift; sourceTree = "<group>"; };
		5A23CEDD1D6212F800971A0C /* Info.plist */ = {isa = PBXFileReference; lastKnownFileType = text.plist.xml; path = Info.plist; sourceTree = "<group>"; };
		5A23CEE91D62131F00971A0C /* FTView.swift */ = {isa = PBXFileReference; fileEncoding = 4; lastKnownFileType = sourcecode.swift; path = FTView.swift; sourceTree = "<group>"; };
/* End PBXFileReference section */

/* Begin PBXFrameworksBuildPhase section */
		5A23CEB51D6212F700971A0C /* Frameworks */ = {
			isa = PBXFrameworksBuildPhase;
			buildActionMask = 2147483647;
			files = (
			);
			runOnlyForDeploymentPostprocessing = 0;
		};
		5A23CEC91D6212F800971A0C /* Frameworks */ = {
			isa = PBXFrameworksBuildPhase;
			buildActionMask = 2147483647;
			files = (
			);
			runOnlyForDeploymentPostprocessing = 0;
		};
		5A23CED41D6212F800971A0C /* Frameworks */ = {
			isa = PBXFrameworksBuildPhase;
			buildActionMask = 2147483647;
			files = (
			);
			runOnlyForDeploymentPostprocessing = 0;
		};
/* End PBXFrameworksBuildPhase section */

/* Begin PBXGroup section */
		5A23CEAF1D6212F700971A0C = {
			isa = PBXGroup;
			children = (
				5A23CEBA1D6212F700971A0C /* FTIBInspectable */,
				5A23CECF1D6212F800971A0C /* FTIBInspectableTests */,
				5A23CEDA1D6212F800971A0C /* FTIBInspectableUITests */,
				5A23CEB91D6212F700971A0C /* Products */,
			);
			sourceTree = "<group>";
		};
		5A23CEB91D6212F700971A0C /* Products */ = {
			isa = PBXGroup;
			children = (
				5A23CEB81D6212F700971A0C /* FTIBInspectable.app */,
				5A23CECC1D6212F800971A0C /* FTIBInspectableTests.xctest */,
				5A23CED71D6212F800971A0C /* FTIBInspectableUITests.xctest */,
			);
			name = Products;
			sourceTree = "<group>";
		};
		5A23CEBA1D6212F700971A0C /* FTIBInspectable */ = {
			isa = PBXGroup;
			children = (
				5A23CEBB1D6212F700971A0C /* AppDelegate.swift */,
				5A23CEBD1D6212F700971A0C /* ViewController.swift */,
				5A23CEE91D62131F00971A0C /* FTView.swift */,
				5A0F257A1D64467800A33222 /* FTPopoverViewController.swift */,
				5A23CEBF1D6212F800971A0C /* Main.storyboard */,
				5A23CEC21D6212F800971A0C /* Assets.xcassets */,
				5A23CEC41D6212F800971A0C /* LaunchScreen.storyboard */,
				5A23CEC71D6212F800971A0C /* Info.plist */,
			);
			path = FTIBInspectable;
			sourceTree = "<group>";
		};
		5A23CECF1D6212F800971A0C /* FTIBInspectableTests */ = {
			isa = PBXGroup;
			children = (
				5A23CED01D6212F800971A0C /* FTIBInspectableTests.swift */,
				5A23CED21D6212F800971A0C /* Info.plist */,
			);
			path = FTIBInspectableTests;
			sourceTree = "<group>";
		};
		5A23CEDA1D6212F800971A0C /* FTIBInspectableUITests */ = {
			isa = PBXGroup;
			children = (
				5A23CEDB1D6212F800971A0C /* FTIBInspectableUITests.swift */,
				5A23CEDD1D6212F800971A0C /* Info.plist */,
			);
			path = FTIBInspectableUITests;
			sourceTree = "<group>";
		};
/* End PBXGroup section */

/* Begin PBXNativeTarget section */
		5A23CEB71D6212F700971A0C /* FTIBInspectable */ = {
			isa = PBXNativeTarget;
			buildConfigurationList = 5A23CEE01D6212F800971A0C /* Build configuration list for PBXNativeTarget "FTIBInspectable" */;
			buildPhases = (
				5A23CEB41D6212F700971A0C /* Sources */,
				5A23CEB51D6212F700971A0C /* Frameworks */,
				5A23CEB61D6212F700971A0C /* Resources */,
			);
			buildRules = (
			);
			dependencies = (
			);
			name = FTIBInspectable;
			productName = FTIBInspectable;
			productReference = 5A23CEB81D6212F700971A0C /* FTIBInspectable.app */;
			productType = "com.apple.product-type.application";
		};
		5A23CECB1D6212F800971A0C /* FTIBInspectableTests */ = {
			isa = PBXNativeTarget;
			buildConfigurationList = 5A23CEE31D6212F800971A0C /* Build configuration list for PBXNativeTarget "FTIBInspectableTests" */;
			buildPhases = (
				5A23CEC81D6212F800971A0C /* Sources */,
				5A23CEC91D6212F800971A0C /* Frameworks */,
				5A23CECA1D6212F800971A0C /* Resources */,
			);
			buildRules = (
			);
			dependencies = (
				5A23CECE1D6212F800971A0C /* PBXTargetDependency */,
			);
			name = FTIBInspectableTests;
			productName = FTIBInspectableTests;
			productReference = 5A23CECC1D6212F800971A0C /* FTIBInspectableTests.xctest */;
			productType = "com.apple.product-type.bundle.unit-test";
		};
		5A23CED61D6212F800971A0C /* FTIBInspectableUITests */ = {
			isa = PBXNativeTarget;
			buildConfigurationList = 5A23CEE61D6212F800971A0C /* Build configuration list for PBXNativeTarget "FTIBInspectableUITests" */;
			buildPhases = (
				5A23CED31D6212F800971A0C /* Sources */,
				5A23CED41D6212F800971A0C /* Frameworks */,
				5A23CED51D6212F800971A0C /* Resources */,
			);
			buildRules = (
			);
			dependencies = (
				5A23CED91D6212F800971A0C /* PBXTargetDependency */,
			);
			name = FTIBInspectableUITests;
			productName = FTIBInspectableUITests;
			productReference = 5A23CED71D6212F800971A0C /* FTIBInspectableUITests.xctest */;
			productType = "com.apple.product-type.bundle.ui-testing";
		};
/* End PBXNativeTarget section */

/* Begin PBXProject section */
		5A23CEB01D6212F700971A0C /* Project object */ = {
			isa = PBXProject;
			attributes = {
				LastSwiftUpdateCheck = 0730;
				LastUpgradeCheck = 0730;
				ORGANIZATIONNAME = liufengting;
				TargetAttributes = {
					5A23CEB71D6212F700971A0C = {
						CreatedOnToolsVersion = 7.3.1;
					};
					5A23CECB1D6212F800971A0C = {
						CreatedOnToolsVersion = 7.3.1;
						TestTargetID = 5A23CEB71D6212F700971A0C;
					};
					5A23CED61D6212F800971A0C = {
						CreatedOnToolsVersion = 7.3.1;
						TestTargetID = 5A23CEB71D6212F700971A0C;
					};
				};
			};
			buildConfigurationList = 5A23CEB31D6212F700971A0C /* Build configuration list for PBXProject "FTIBInspectable" */;
			compatibilityVersion = "Xcode 3.2";
			developmentRegion = English;
			hasScannedForEncodings = 0;
			knownRegions = (
				en,
				Base,
			);
			mainGroup = 5A23CEAF1D6212F700971A0C;
			productRefGroup = 5A23CEB91D6212F700971A0C /* Products */;
			projectDirPath = "";
			projectRoot = "";
			targets = (
				5A23CEB71D6212F700971A0C /* FTIBInspectable */,
				5A23CECB1D6212F800971A0C /* FTIBInspectableTests */,
				5A23CED61D6212F800971A0C /* FTIBInspectableUITests */,
			);
		};
/* End PBXProject section */

/* Begin PBXResourcesBuildPhase section */
		5A23CEB61D6212F700971A0C /* Resources */ = {
			isa = PBXResourcesBuildPhase;
			buildActionMask = 2147483647;
			files = (
				5A23CEC61D6212F800971A0C /* LaunchScreen.storyboard in Resources */,
				5A23CEC31D6212F800971A0C /* Assets.xcassets in Resources */,
				5A23CEC11D6212F800971A0C /* Main.storyboard in Resources */,
			);
			runOnlyForDeploymentPostprocessing = 0;
		};
		5A23CECA1D6212F800971A0C /* Resources */ = {
			isa = PBXResourcesBuildPhase;
			buildActionMask = 2147483647;
			files = (
			);
			runOnlyForDeploymentPostprocessing = 0;
		};
		5A23CED51D6212F800971A0C /* Resources */ = {
			isa = PBXResourcesBuildPhase;
			buildActionMask = 2147483647;
			files = (
			);
			runOnlyForDeploymentPostprocessing = 0;
		};
/* End PBXResourcesBuildPhase section */

/* Begin PBXSourcesBuildPhase section */
		5A23CEB41D6212F700971A0C /* Sources */ = {
			isa = PBXSourcesBuildPhase;
			buildActionMask = 2147483647;
			files = (
				5A23CEEA1D62131F00971A0C /* FTView.swift in Sources */,
				5A23CEBE1D6212F700971A0C /* ViewController.swift in Sources */,
				5A23CEBC1D6212F700971A0C /* AppDelegate.swift in Sources */,
				5A0F257B1D64467800A33222 /* FTPopoverViewController.swift in Sources */,
			);
			runOnlyForDeploymentPostprocessing = 0;
		};
		5A23CEC81D6212F800971A0C /* Sources */ = {
			isa = PBXSourcesBuildPhase;
			buildActionMask = 2147483647;
			files = (
				5A23CED11D6212F800971A0C /* FTIBInspectableTests.swift in Sources */,
			);
			runOnlyForDeploymentPostprocessing = 0;
		};
		5A23CED31D6212F800971A0C /* Sources */ = {
			isa = PBXSourcesBuildPhase;
			buildActionMask = 2147483647;
			files = (
				5A23CEDC1D6212F800971A0C /* FTIBInspectableUITests.swift in Sources */,
			);
			runOnlyForDeploymentPostprocessing = 0;
		};
/* End PBXSourcesBuildPhase section */

/* Begin PBXTargetDependency section */
		5A23CECE1D6212F800971A0C /* PBXTargetDependency */ = {
			isa = PBXTargetDependency;
			target = 5A23CEB71D6212F700971A0C /* FTIBInspectable */;
			targetProxy = 5A23CECD1D6212F800971A0C /* PBXContainerItemProxy */;
		};
		5A23CED91D6212F800971A0C /* PBXTargetDependency */ = {
			isa = PBXTargetDependency;
			target = 5A23CEB71D6212F700971A0C /* FTIBInspectable */;
			targetProxy = 5A23CED81D6212F800971A0C /* PBXContainerItemProxy */;
		};
/* End PBXTargetDependency section */

/* Begin PBXVariantGroup section */
		5A23CEBF1D6212F800971A0C /* Main.storyboard */ = {
			isa = PBXVariantGroup;
			children = (
				5A23CEC01D6212F800971A0C /* Base */,
			);
			name = Main.storyboard;
			sourceTree = "<group>";
		};
		5A23CEC41D6212F800971A0C /* LaunchScreen.storyboard */ = {
			isa = PBXVariantGroup;
			children = (
				5A23CEC51D6212F800971A0C /* Base */,
			);
			name = LaunchScreen.storyboard;
			sourceTree = "<group>";
		};
/* End PBXVariantGroup section */

/* Begin XCBuildConfiguration section */
		5A23CEDE1D6212F800971A0C /* Debug */ = {
			isa = XCBuildConfiguration;
			buildSettings = {
				ALWAYS_SEARCH_USER_PATHS = NO;
				CLANG_ANALYZER_NONNULL = YES;
				CLANG_CXX_LANGUAGE_STANDARD = "gnu++0x";
				CLANG_CXX_LIBRARY = "libc++";
				CLANG_ENABLE_MODULES = YES;
				CLANG_ENABLE_OBJC_ARC = YES;
				CLANG_WARN_BOOL_CONVERSION = YES;
				CLANG_WARN_CONSTANT_CONVERSION = YES;
				CLANG_WARN_DIRECT_OBJC_ISA_USAGE = YES_ERROR;
				CLANG_WARN_EMPTY_BODY = YES;
				CLANG_WARN_ENUM_CONVERSION = YES;
				CLANG_WARN_INT_CONVERSION = YES;
				CLANG_WARN_OBJC_ROOT_CLASS = YES_ERROR;
				CLANG_WARN_UNREACHABLE_CODE = YES;
				CLANG_WARN__DUPLICATE_METHOD_MATCH = YES;
				"CODE_SIGN_IDENTITY[sdk=iphoneos*]" = "iPhone Developer";
				COPY_PHASE_STRIP = NO;
				DEBUG_INFORMATION_FORMAT = dwarf;
				ENABLE_STRICT_OBJC_MSGSEND = YES;
				ENABLE_TESTABILITY = YES;
				GCC_C_LANGUAGE_STANDARD = gnu99;
				GCC_DYNAMIC_NO_PIC = NO;
				GCC_NO_COMMON_BLOCKS = YES;
				GCC_OPTIMIZATION_LEVEL = 0;
				GCC_PREPROCESSOR_DEFINITIONS = (
					"DEBUG=1",
					"$(inherited)",
				);
				GCC_WARN_64_TO_32_BIT_CONVERSION = YES;
				GCC_WARN_ABOUT_RETURN_TYPE = YES_ERROR;
				GCC_WARN_UNDECLARED_SELECTOR = YES;
				GCC_WARN_UNINITIALIZED_AUTOS = YES_AGGRESSIVE;
				GCC_WARN_UNUSED_FUNCTION = YES;
				GCC_WARN_UNUSED_VARIABLE = YES;
				IPHONEOS_DEPLOYMENT_TARGET = 9.3;
				MTL_ENABLE_DEBUG_INFO = YES;
				ONLY_ACTIVE_ARCH = YES;
				SDKROOT = iphoneos;
				SWIFT_OPTIMIZATION_LEVEL = "-Onone";
			};
			name = Debug;
		};
		5A23CEDF1D6212F800971A0C /* Release */ = {
			isa = XCBuildConfiguration;
			buildSettings = {
				ALWAYS_SEARCH_USER_PATHS = NO;
				CLANG_ANALYZER_NONNULL = YES;
				CLANG_CXX_LANGUAGE_STANDARD = "gnu++0x";
				CLANG_CXX_LIBRARY = "libc++";
				CLANG_ENABLE_MODULES = YES;
				CLANG_ENABLE_OBJC_ARC = YES;
				CLANG_WARN_BOOL_CONVERSION = YES;
				CLANG_WARN_CONSTANT_CONVERSION = YES;
				CLANG_WARN_DIRECT_OBJC_ISA_USAGE = YES_ERROR;
				CLANG_WARN_EMPTY_BODY = YES;
				CLANG_WARN_ENUM_CONVERSION = YES;
				CLANG_WARN_INT_CONVERSION = YES;
				CLANG_WARN_OBJC_ROOT_CLASS = YES_ERROR;
				CLANG_WARN_UNREACHABLE_CODE = YES;
				CLANG_WARN__DUPLICATE_METHOD_MATCH = YES;
				"CODE_SIGN_IDENTITY[sdk=iphoneos*]" = "iPhone Developer";
				COPY_PHASE_STRIP = NO;
				DEBUG_INFORMATION_FORMAT = "dwarf-with-dsym";
				ENABLE_NS_ASSERTIONS = NO;
				ENABLE_STRICT_OBJC_MSGSEND = YES;
				GCC_C_LANGUAGE_STANDARD = gnu99;
				GCC_NO_COMMON_BLOCKS = YES;
				GCC_WARN_64_TO_32_BIT_CONVERSION = YES;
				GCC_WARN_ABOUT_RETURN_TYPE = YES_ERROR;
				GCC_WARN_UNDECLARED_SELECTOR = YES;
				GCC_WARN_UNINITIALIZED_AUTOS = YES_AGGRESSIVE;
				GCC_WARN_UNUSED_FUNCTION = YES;
				GCC_WARN_UNUSED_VARIABLE = YES;
				IPHONEOS_DEPLOYMENT_TARGET = 9.3;
				MTL_ENABLE_DEBUG_INFO = NO;
				SDKROOT = iphoneos;
				VALIDATE_PRODUCT = YES;
			};
			name = Release;
		};
		5A23CEE11D6212F800971A0C /* Debug */ = {
			isa = XCBuildConfiguration;
			buildSettings = {
				ASSETCATALOG_COMPILER_APPICON_NAME = AppIcon;
				INFOPLIST_FILE = FTIBInspectable/Info.plist;
				LD_RUNPATH_SEARCH_PATHS = "$(inherited) @executable_path/Frameworks";
				PRODUCT_BUNDLE_IDENTIFIER = com.liufengting.FTIBInspectable;
				PRODUCT_NAME = "$(TARGET_NAME)";
			};
			name = Debug;
		};
		5A23CEE21D6212F800971A0C /* Release */ = {
			isa = XCBuildConfiguration;
			buildSettings = {
				ASSETCATALOG_COMPILER_APPICON_NAME = AppIcon;
				INFOPLIST_FILE = FTIBInspectable/Info.plist;
				LD_RUNPATH_SEARCH_PATHS = "$(inherited) @executable_path/Frameworks";
				PRODUCT_BUNDLE_IDENTIFIER = com.liufengting.FTIBInspectable;
				PRODUCT_NAME = "$(TARGET_NAME)";
			};
			name = Release;
		};
		5A23CEE41D6212F800971A0C /* Debug */ = {
			isa = XCBuildConfiguration;
			buildSettings = {
				BUNDLE_LOADER = "$(TEST_HOST)";
				INFOPLIST_FILE = FTIBInspectableTests/Info.plist;
				LD_RUNPATH_SEARCH_PATHS = "$(inherited) @executable_path/Frameworks @loader_path/Frameworks";
				PRODUCT_BUNDLE_IDENTIFIER = com.liufengting.FTIBInspectableTests;
				PRODUCT_NAME = "$(TARGET_NAME)";
				TEST_HOST = "$(BUILT_PRODUCTS_DIR)/FTIBInspectable.app/FTIBInspectable";
			};
			name = Debug;
		};
		5A23CEE51D6212F800971A0C /* Release */ = {
			isa = XCBuildConfiguration;
			buildSettings = {
				BUNDLE_LOADER = "$(TEST_HOST)";
				INFOPLIST_FILE = FTIBInspectableTests/Info.plist;
				LD_RUNPATH_SEARCH_PATHS = "$(inherited) @executable_path/Frameworks @loader_path/Frameworks";
				PRODUCT_BUNDLE_IDENTIFIER = com.liufengting.FTIBInspectableTests;
				PRODUCT_NAME = "$(TARGET_NAME)";
				TEST_HOST = "$(BUILT_PRODUCTS_DIR)/FTIBInspectable.app/FTIBInspectable";
			};
			name = Release;
		};
		5A23CEE71D6212F800971A0C /* Debug */ = {
			isa = XCBuildConfiguration;
			buildSettings = {
				INFOPLIST_FILE = FTIBInspectableUITests/Info.plist;
				LD_RUNPATH_SEARCH_PATHS = "$(inherited) @executable_path/Frameworks @loader_path/Frameworks";
				PRODUCT_BUNDLE_IDENTIFIER = com.liufengting.FTIBInspectableUITests;
				PRODUCT_NAME = "$(TARGET_NAME)";
				TEST_TARGET_NAME = FTIBInspectable;
			};
			name = Debug;
		};
		5A23CEE81D6212F800971A0C /* Release */ = {
			isa = XCBuildConfiguration;
			buildSettings = {
				INFOPLIST_FILE = FTIBInspectableUITests/Info.plist;
				LD_RUNPATH_SEARCH_PATHS = "$(inherited) @executable_path/Frameworks @loader_path/Frameworks";
				PRODUCT_BUNDLE_IDENTIFIER = com.liufengting.FTIBInspectableUITests;
				PRODUCT_NAME = "$(TARGET_NAME)";
				TEST_TARGET_NAME = FTIBInspectable;
			};
			name = Release;
		};
/* End XCBuildConfiguration section */

/* Begin XCConfigurationList section */
		5A23CEB31D6212F700971A0C /* Build configuration list for PBXProject "FTIBInspectable" */ = {
			isa = XCConfigurationList;
			buildConfigurations = (
				5A23CEDE1D6212F800971A0C /* Debug */,
				5A23CEDF1D6212F800971A0C /* Release */,
			);
			defaultConfigurationIsVisible = 0;
			defaultConfigurationName = Release;
		};
		5A23CEE01D6212F800971A0C /* Build configuration list for PBXNativeTarget "FTIBInspectable" */ = {
			isa = XCConfigurationList;
			buildConfigurations = (
				5A23CEE11D6212F800971A0C /* Debug */,
				5A23CEE21D6212F800971A0C /* Release */,
			);
			defaultConfigurationIsVisible = 0;
			defaultConfigurationName = Release;
		};
		5A23CEE31D6212F800971A0C /* Build configuration list for PBXNativeTarget "FTIBInspectableTests" */ = {
			isa = XCConfigurationList;
			buildConfigurations = (
				5A23CEE41D6212F800971A0C /* Debug */,
				5A23CEE51D6212F800971A0C /* Release */,
			);
			defaultConfigurationIsVisible = 0;
			defaultConfigurationName = Release;
		};
		5A23CEE61D6212F800971A0C /* Build configuration list for PBXNativeTarget "FTIBInspectableUITests" */ = {
			isa = XCConfigurationList;
			buildConfigurations = (
				5A23CEE71D6212F800971A0C /* Debug */,
				5A23CEE81D6212F800971A0C /* Release */,
			);
			defaultConfigurationIsVisible = 0;
			defaultConfigurationName = Release;
		};
/* End XCConfigurationList section */
	};
	rootObject = 5A23CEB01D6212F700971A0C /* Project object */;
}
